
Microsoft Visual Studio Solution File, Format Version 12.00
# Visual Studio 2012
Project("{FAE04EC0-301F-11D3-BF4B-00C04F79EFBC}") = "UmbracoLatest", "umbracoLatest\UmbracoLatest.csproj", "{B37A5965-BCB2-4723-BA47-E8D519AC8AF5}"
EndProject
Project("{2150E333-8FDC-42A3-9474-1A3956D46DE8}") = ".nuget", ".nuget", "{1CCCCD46-BC70-4A5B-A668-A86AB2892687}"
	ProjectSection(SolutionItems) = preProject
		.nuget\NuGet.Config = .nuget\NuGet.Config
		.nuget\NuGet.exe = .nuget\NuGet.exe
		.nuget\NuGet.targets = .nuget\NuGet.targets
	EndProjectSection
EndProject
Project("{2150E333-8FDC-42A3-9474-1A3956D46DE8}") = "Solution Items", "Solution Items", "{21750CB1-EC14-4A17-9C2C-7121B035220E}"
	ProjectSection(SolutionItems) = preProject
		README.md = README.md
	EndProjectSection
EndProject
Project("{FAE04EC0-301F-11D3-BF4B-00C04F79EFBC}") = "UmbracoLatest.Infraestructure", "UmbracoLatest.Infraestructure\UmbracoLatest.Infraestructure.csproj", "{4F3604BE-EEC0-4E5B-BBA1-8D41CA5D1D78}"
EndProject
Project("{FAE04EC0-301F-11D3-BF4B-00C04F79EFBC}") = "UmbracoLatest.Domain", "UmbracoLatest.Domain\UmbracoLatest.Domain.csproj", "{1E4DC064-B6E2-42C0-B2A6-36642E204BB1}"
EndProject
Project("{FAE04EC0-301F-11D3-BF4B-00C04F79EFBC}") = "UmbracoLatest.IOC", "UmbracoLatest.IOC\UmbracoLatest.IOC.csproj", "{C8C24008-3387-42CC-A153-50CE99AAAF0F}"
EndProject
Global
	GlobalSection(SolutionConfigurationPlatforms) = preSolution
		Debug|Any CPU = Debug|Any CPU
		Release|Any CPU = Release|Any CPU
	EndGlobalSection
	GlobalSection(ProjectConfigurationPlatforms) = postSolution
		{B37A5965-BCB2-4723-BA47-E8D519AC8AF5}.Debug|Any CPU.ActiveCfg = Debug|Any CPU
		{B37A5965-BCB2-4723-BA47-E8D519AC8AF5}.Debug|Any CPU.Build.0 = Debug|Any CPU
		{B37A5965-BCB2-4723-BA47-E8D519AC8AF5}.Release|Any CPU.ActiveCfg = Release|Any CPU
		{B37A5965-BCB2-4723-BA47-E8D519AC8AF5}.Release|Any CPU.Build.0 = Release|Any CPU
		{4F3604BE-EEC0-4E5B-BBA1-8D41CA5D1D78}.Debug|Any CPU.ActiveCfg = Debug|Any CPU
		{4F3604BE-EEC0-4E5B-BBA1-8D41CA5D1D78}.Debug|Any CPU.Build.0 = Debug|Any CPU
		{4F3604BE-EEC0-4E5B-BBA1-8D41CA5D1D78}.Release|Any CPU.ActiveCfg = Release|Any CPU
		{4F3604BE-EEC0-4E5B-BBA1-8D41CA5D1D78}.Release|Any CPU.Build.0 = Release|Any CPU
		{1E4DC064-B6E2-42C0-B2A6-36642E204BB1}.Debug|Any CPU.ActiveCfg = Debug|Any CPU
		{1E4DC064-B6E2-42C0-B2A6-36642E204BB1}.Debug|Any CPU.Build.0 = Debug|Any CPU
		{1E4DC064-B6E2-42C0-B2A6-36642E204BB1}.Release|Any CPU.ActiveCfg = Release|Any CPU
		{1E4DC064-B6E2-42C0-B2A6-36642E204BB1}.Release|Any CPU.Build.0 = Release|Any CPU
		{C8C24008-3387-42CC-A153-50CE99AAAF0F}.Debug|Any CPU.ActiveCfg = Debug|Any CPU
		{C8C24008-3387-42CC-A153-50CE99AAAF0F}.Debug|Any CPU.Build.0 = Debug|Any CPU
		{C8C24008-3387-42CC-A153-50CE99AAAF0F}.Release|Any CPU.ActiveCfg = Release|Any CPU
		{C8C24008-3387-42CC-A153-50CE99AAAF0F}.Release|Any CPU.Build.0 = Release|Any CPU
	EndGlobalSection
	GlobalSection(SolutionProperties) = preSolution
		HideSolutionNode = FALSE
	EndGlobalSection
EndGlobal
